{
  "requires": true,
  "lockfileVersion": 1,
  "dependencies": {
    "ui-bootstrap4": {
      "version": "3.0.7",
      "resolved": "https://registry.npmjs.org/ui-bootstrap4/-/ui-bootstrap4-3.0.7.tgz",
      "integrity": "sha512-rAvXVwczihiU4I2wVbalg60ON+u5iugVXu9ATcgqsxCNgo6ghLUYlGVP11NJ8SfS+5VJzpBSlYfVHOD/3T+klA=="
    }
  }
}
